
Microsoft Visual Studio Solution File, Format Version 12.00
# Visual Studio Version 17
VisualStudioVersion = 17.1.32228.430
MinimumVisualStudioVersion = 10.0.40219.1
Project("{9A19103F-16F7-4668-BE54-9A1E7A4F7556}") = "Booking.DAL", "Booking.DAL\Booking.DAL.csproj", "{909191CC-848A-4537-89BD-A6C6085EA089}"
EndProject
Project("{9A19103F-16F7-4668-BE54-9A1E7A4F7556}") = "Booking.UI", "Booking.UI\Booking.UI.csproj", "{8B96C8BF-E496-4690-802B-F291E2738CD5}"
EndProject
Project("{9A19103F-16F7-4668-BE54-9A1E7A4F7556}") = "Booking.Models", "Booking.Models\Booking.Models.csproj", "{815346C3-600B-4E32-8FE6-20070F8CDD17}"
EndProject
Project("{FAE04EC0-301F-11D3-BF4B-00C04F79EFBC}") = "Booking.Interface", "Booking.Interface\Booking.Interface.csproj", "{AC01AD04-3526-416B-916C-D6515DDE76C7}"
EndProject
Project("{FAE04EC0-301F-11D3-BF4B-00C04F79EFBC}") = "Booking.Service", "Booking.Service\Booking.Service.csproj", "{28DDC93D-565C-4BDA-9DB9-5BF2438074F9}"
EndProject
Global
	GlobalSection(SolutionConfigurationPlatforms) = preSolution
		Debug|Any CPU = Debug|Any CPU
		Release|Any CPU = Release|Any CPU
	EndGlobalSection
	GlobalSection(ProjectConfigurationPlatforms) = postSolution
		{909191CC-848A-4537-89BD-A6C6085EA089}.Debug|Any CPU.ActiveCfg = Debug|Any CPU
		{909191CC-848A-4537-89BD-A6C6085EA089}.Debug|Any CPU.Build.0 = Debug|Any CPU
		{909191CC-848A-4537-89BD-A6C6085EA089}.Release|Any CPU.ActiveCfg = Release|Any CPU
		{909191CC-848A-4537-89BD-A6C6085EA089}.Release|Any CPU.Build.0 = Release|Any CPU
		{8B96C8BF-E496-4690-802B-F291E2738CD5}.Debug|Any CPU.ActiveCfg = Debug|Any CPU
		{8B96C8BF-E496-4690-802B-F291E2738CD5}.Debug|Any CPU.Build.0 = Debug|Any CPU
		{8B96C8BF-E496-4690-802B-F291E2738CD5}.Release|Any CPU.ActiveCfg = Release|Any CPU
		{8B96C8BF-E496-4690-802B-F291E2738CD5}.Release|Any CPU.Build.0 = Release|Any CPU
		{815346C3-600B-4E32-8FE6-20070F8CDD17}.Debug|Any CPU.ActiveCfg = Debug|Any CPU
		{815346C3-600B-4E32-8FE6-20070F8CDD17}.Debug|Any CPU.Build.0 = Debug|Any CPU
		{815346C3-600B-4E32-8FE6-20070F8CDD17}.Release|Any CPU.ActiveCfg = Release|Any CPU
		{815346C3-600B-4E32-8FE6-20070F8CDD17}.Release|Any CPU.Build.0 = Release|Any CPU
		{AC01AD04-3526-416B-916C-D6515DDE76C7}.Debug|Any CPU.ActiveCfg = Debug|Any CPU
		{AC01AD04-3526-416B-916C-D6515DDE76C7}.Debug|Any CPU.Build.0 = Debug|Any CPU
		{AC01AD04-3526-416B-916C-D6515DDE76C7}.Release|Any CPU.ActiveCfg = Release|Any CPU
		{AC01AD04-3526-416B-916C-D6515DDE76C7}.Release|Any CPU.Build.0 = Release|Any CPU
		{28DDC93D-565C-4BDA-9DB9-5BF2438074F9}.Debug|Any CPU.ActiveCfg = Debug|Any CPU
		{28DDC93D-565C-4BDA-9DB9-5BF2438074F9}.Debug|Any CPU.Build.0 = Debug|Any CPU
		{28DDC93D-565C-4BDA-9DB9-5BF2438074F9}.Release|Any CPU.ActiveCfg = Release|Any CPU
		{28DDC93D-565C-4BDA-9DB9-5BF2438074F9}.Release|Any CPU.Build.0 = Release|Any CPU
	EndGlobalSection
	GlobalSection(SolutionProperties) = preSolution
		HideSolutionNode = FALSE
	EndGlobalSection
	GlobalSection(ExtensibilityGlobals) = postSolution
		SolutionGuid = {F064E786-CD1C-4598-AEEF-5CE9E49A8601}
	EndGlobalSection
EndGlobal
